{
  "requires": true,
  "lockfileVersion": 1,
  "dependencies": {
    "material-ui-selectfield": {
      "version": "1.0.24",
      "resolved": "https://registry.npmjs.org/material-ui-selectfield/-/material-ui-selectfield-1.0.24.tgz",
      "integrity": "sha1-5/zT3tVsN6/OEoWB1bm373m9kKM="
    }
  }
}
